
Microsoft Visual Studio Solution File, Format Version 12.00
# Visual Studio Version 17
VisualStudioVersion = 17.2.32630.192
MinimumVisualStudioVersion = 10.0.40219.1
Project("{FAE04EC0-301F-11D3-BF4B-00C04F79EFBC}") = "Ado.Net.Example.UI", "adoNetPractise2\Ado.Net.Example.UI.csproj", "{31460D03-DD2D-4FA6-9E8B-4D1DA6D977CE}"
EndProject
Project("{FAE04EC0-301F-11D3-BF4B-00C04F79EFBC}") = "Ado.Net.Example.DataAccessLayer", "Ado.Net.Example.DataAccessLayer\Ado.Net.Example.DataAccessLayer.csproj", "{19A6C115-C876-479A-8F38-2C6101E51B5A}"
EndProject
Global
	GlobalSection(SolutionConfigurationPlatforms) = preSolution
		Debug|Any CPU = Debug|Any CPU
		Release|Any CPU = Release|Any CPU
	EndGlobalSection
	GlobalSection(ProjectConfigurationPlatforms) = postSolution
		{31460D03-DD2D-4FA6-9E8B-4D1DA6D977CE}.Debug|Any CPU.ActiveCfg = Debug|Any CPU
		{31460D03-DD2D-4FA6-9E8B-4D1DA6D977CE}.Debug|Any CPU.Build.0 = Debug|Any CPU
		{31460D03-DD2D-4FA6-9E8B-4D1DA6D977CE}.Release|Any CPU.ActiveCfg = Release|Any CPU
		{31460D03-DD2D-4FA6-9E8B-4D1DA6D977CE}.Release|Any CPU.Build.0 = Release|Any CPU
		{19A6C115-C876-479A-8F38-2C6101E51B5A}.Debug|Any CPU.ActiveCfg = Debug|Any CPU
		{19A6C115-C876-479A-8F38-2C6101E51B5A}.Debug|Any CPU.Build.0 = Debug|Any CPU
		{19A6C115-C876-479A-8F38-2C6101E51B5A}.Release|Any CPU.ActiveCfg = Release|Any CPU
		{19A6C115-C876-479A-8F38-2C6101E51B5A}.Release|Any CPU.Build.0 = Release|Any CPU
	EndGlobalSection
	GlobalSection(SolutionProperties) = preSolution
		HideSolutionNode = FALSE
	EndGlobalSection
	GlobalSection(ExtensibilityGlobals) = postSolution
		SolutionGuid = {1287D1EF-E902-4081-8C22-3E55DFCA25E3}
	EndGlobalSection
EndGlobal
